// !$*UTF8*$!
{
	archiveVersion = 1;
	classes = {
	};
	objectVersion = 55;
	objects = {

/* Begin PBXBuildFile section */
		1600D3AE386B8637BB55C1D2 /* Pods_Cavern.framework in Frameworks */ = {isa = PBXBuildFile; fileRef = E7C8D8BFBAD8C2F727185D29 /* Pods_Cavern.framework */; };
		E209A37527B0C89E00C82B9B /* CityModal.swift in Sources */ = {isa = PBXBuildFile; fileRef = E209A37427B0C89E00C82B9B /* CityModal.swift */; };
		E21DCBFB27AB995000CE87A1 /* ShortHolder.swift in Sources */ = {isa = PBXBuildFile; fileRef = E21DCBFA27AB995000CE87A1 /* ShortHolder.swift */; };
		E234F16B27A887F200EA382D /* Home.swift in Sources */ = {isa = PBXBuildFile; fileRef = E234F16A27A887F200EA382D /* Home.swift */; };
		E27BEDDE27ADF0FA0002103A /* Geography.swift in Sources */ = {isa = PBXBuildFile; fileRef = E27BEDDD27ADF0FA0002103A /* Geography.swift */; };
		E27BEDE427AE00DF0002103A /* elephant.gif in Resources */ = {isa = PBXBuildFile; fileRef = E27BEDE327AE00DF0002103A /* elephant.gif */; };
		E280C48127A9985100E71CB7 /* Article.swift in Sources */ = {isa = PBXBuildFile; fileRef = E280C48027A9985100E71CB7 /* Article.swift */; };
		E293CE5227A5A5E700CC671F /* CavernApp.swift in Sources */ = {isa = PBXBuildFile; fileRef = E293CE5127A5A5E700CC671F /* CavernApp.swift */; };
		E293CE5627A5A5E800CC671F /* Assets.xcassets in Resources */ = {isa = PBXBuildFile; fileRef = E293CE5527A5A5E800CC671F /* Assets.xcassets */; };
		E293CE5927A5A5E800CC671F /* Preview Assets.xcassets in Resources */ = {isa = PBXBuildFile; fileRef = E293CE5827A5A5E800CC671F /* Preview Assets.xcassets */; };
/* End PBXBuildFile section */

/* Begin PBXFileReference section */
		8301E94EDD33834DE903E3BF /* Pods-Cavern.release.xcconfig */ = {isa = PBXFileReference; includeInIndex = 1; lastKnownFileType = text.xcconfig; name = "Pods-Cavern.release.xcconfig"; path = "Target Support Files/Pods-Cavern/Pods-Cavern.release.xcconfig"; sourceTree = "<group>"; };
		CE1718B8252AC6FDAD1A2D18 /* Pods-Cavern.debug.xcconfig */ = {isa = PBXFileReference; includeInIndex = 1; lastKnownFileType = text.xcconfig; name = "Pods-Cavern.debug.xcconfig"; path = "Target Support Files/Pods-Cavern/Pods-Cavern.debug.xcconfig"; sourceTree = "<group>"; };
		E209A37427B0C89E00C82B9B /* CityModal.swift */ = {isa = PBXFileReference; lastKnownFileType = sourcecode.swift; path = CityModal.swift; sourceTree = "<group>"; };
		E21DCBF227AB949D00CE87A1 /* elephant.gif */ = {isa = PBXFileReference; lastKnownFileType = image.gif; name = elephant.gif; path = ../../../../Downloads/elephant.gif; sourceTree = "<group>"; };
		E21DCBFA27AB995000CE87A1 /* ShortHolder.swift */ = {isa = PBXFileReference; lastKnownFileType = sourcecode.swift; path = ShortHolder.swift; sourceTree = "<group>"; };
		E234F16A27A887F200EA382D /* Home.swift */ = {isa = PBXFileReference; lastKnownFileType = sourcecode.swift; path = Home.swift; sourceTree = "<group>"; };
		E27BEDDD27ADF0FA0002103A /* Geography.swift */ = {isa = PBXFileReference; lastKnownFileType = sourcecode.swift; path = Geography.swift; sourceTree = "<group>"; };
		E27BEDE327AE00DF0002103A /* elephant.gif */ = {isa = PBXFileReference; lastKnownFileType = image.gif; path = elephant.gif; sourceTree = "<group>"; };
		E280C48027A9985100E71CB7 /* Article.swift */ = {isa = PBXFileReference; lastKnownFileType = sourcecode.swift; path = Article.swift; sourceTree = "<group>"; };
		E293CE4E27A5A5E700CC671F /* Cavern.app */ = {isa = PBXFileReference; explicitFileType = wrapper.application; includeInIndex = 0; path = Cavern.app; sourceTree = BUILT_PRODUCTS_DIR; };
		E293CE5127A5A5E700CC671F /* CavernApp.swift */ = {isa = PBXFileReference; lastKnownFileType = sourcecode.swift; path = CavernApp.swift; sourceTree = "<group>"; };
		E293CE5527A5A5E800CC671F /* Assets.xcassets */ = {isa = PBXFileReference; lastKnownFileType = folder.assetcatalog; path = Assets.xcassets; sourceTree = "<group>"; };
		E293CE5827A5A5E800CC671F /* Preview Assets.xcassets */ = {isa = PBXFileReference; lastKnownFileType = folder.assetcatalog; path = "Preview Assets.xcassets"; sourceTree = "<group>"; };
		E7C8D8BFBAD8C2F727185D29 /* Pods_Cavern.framework */ = {isa = PBXFileReference; explicitFileType = wrapper.framework; includeInIndex = 0; path = Pods_Cavern.framework; sourceTree = BUILT_PRODUCTS_DIR; };
/* End PBXFileReference section */

/* Begin PBXFrameworksBuildPhase section */
		E293CE4B27A5A5E700CC671F /* Frameworks */ = {
			isa = PBXFrameworksBuildPhase;
			buildActionMask = 2147483647;
			files = (
				1600D3AE386B8637BB55C1D2 /* Pods_Cavern.framework in Frameworks */,
			);
			runOnlyForDeploymentPostprocessing = 0;
		};
/* End PBXFrameworksBuildPhase section */

/* Begin PBXGroup section */
		4C99F6DAFCB4797C10389437 /* Pods */ = {
			isa = PBXGroup;
			children = (
				CE1718B8252AC6FDAD1A2D18 /* Pods-Cavern.debug.xcconfig */,
				8301E94EDD33834DE903E3BF /* Pods-Cavern.release.xcconfig */,
			);
			path = Pods;
			sourceTree = "<group>";
		};
		E21DCBFE27ACD65100CE87A1 /* gifs */ = {
			isa = PBXGroup;
			children = (
				E27BEDE327AE00DF0002103A /* elephant.gif */,
			);
			path = gifs;
			sourceTree = "<group>";
		};
		E293CE4527A5A5E700CC671F = {
			isa = PBXGroup;
			children = (
				E293CE5027A5A5E700CC671F /* Cavern */,
				E293CE4F27A5A5E700CC671F /* Products */,
				4C99F6DAFCB4797C10389437 /* Pods */,
				F1767C13F49314BDBCD281A4 /* Frameworks */,
			);
			sourceTree = "<group>";
		};
		E293CE4F27A5A5E700CC671F /* Products */ = {
			isa = PBXGroup;
			children = (
				E293CE4E27A5A5E700CC671F /* Cavern.app */,
			);
			name = Products;
			sourceTree = "<group>";
		};
		E293CE5027A5A5E700CC671F /* Cavern */ = {
			isa = PBXGroup;
			children = (
				E21DCBFE27ACD65100CE87A1 /* gifs */,
				E293CE5F27A5A5ED00CC671F /* View */,
				E293CE5127A5A5E700CC671F /* CavernApp.swift */,
				E234F16A27A887F200EA382D /* Home.swift */,
				E293CE5527A5A5E800CC671F /* Assets.xcassets */,
				E293CE5727A5A5E800CC671F /* Preview Content */,
			);
			path = Cavern;
			sourceTree = "<group>";
		};
		E293CE5727A5A5E800CC671F /* Preview Content */ = {
			isa = PBXGroup;
			children = (
				E21DCBF227AB949D00CE87A1 /* elephant.gif */,
				E293CE5827A5A5E800CC671F /* Preview Assets.xcassets */,
			);
			path = "Preview Content";
			sourceTree = "<group>";
		};
		E293CE5F27A5A5ED00CC671F /* View */ = {
			isa = PBXGroup;
			children = (
				E280C48027A9985100E71CB7 /* Article.swift */,
				E21DCBFA27AB995000CE87A1 /* ShortHolder.swift */,
				E27BEDDD27ADF0FA0002103A /* Geography.swift */,
				E209A37427B0C89E00C82B9B /* CityModal.swift */,
			);
			path = View;
			sourceTree = "<group>";
		};
		F1767C13F49314BDBCD281A4 /* Frameworks */ = {
			isa = PBXGroup;
			children = (
				E7C8D8BFBAD8C2F727185D29 /* Pods_Cavern.framework */,
			);
			name = Frameworks;
			sourceTree = "<group>";
		};
/* End PBXGroup section */

/* Begin PBXNativeTarget section */
		E293CE4D27A5A5E700CC671F /* Cavern */ = {
			isa = PBXNativeTarget;
			buildConfigurationList = E293CE5C27A5A5E800CC671F /* Build configuration list for PBXNativeTarget "Cavern" */;
			buildPhases = (
				4453F248927CAE824A296F81 /* [CP] Check Pods Manifest.lock */,
				E293CE4A27A5A5E700CC671F /* Sources */,
				E293CE4B27A5A5E700CC671F /* Frameworks */,
				E293CE4C27A5A5E700CC671F /* Resources */,
				D8C4AD90194B60CB7AE72514 /* [CP] Embed Pods Frameworks */,
			);
			buildRules = (
			);
			dependencies = (
			);
			name = Cavern;
			packageProductDependencies = (
			);
			productName = Cavern;
			productReference = E293CE4E27A5A5E700CC671F /* Cavern.app */;
			productType = "com.apple.product-type.application";
		};
/* End PBXNativeTarget section */

/* Begin PBXProject section */
		E293CE4627A5A5E700CC671F /* Project object */ = {
			isa = PBXProject;
			attributes = {
				BuildIndependentTargetsInParallel = 1;
				LastSwiftUpdateCheck = 1320;
				LastUpgradeCheck = 1320;
				TargetAttributes = {
					E293CE4D27A5A5E700CC671F = {
						CreatedOnToolsVersion = 13.2.1;
					};
				};
			};
			buildConfigurationList = E293CE4927A5A5E700CC671F /* Build configuration list for PBXProject "Cavern" */;
			compatibilityVersion = "Xcode 13.0";
			developmentRegion = en;
			hasScannedForEncodings = 0;
			knownRegions = (
				en,
				Base,
			);
			mainGroup = E293CE4527A5A5E700CC671F;
			packageReferences = (
			);
			productRefGroup = E293CE4F27A5A5E700CC671F /* Products */;
			projectDirPath = "";
			projectRoot = "";
			targets = (
				E293CE4D27A5A5E700CC671F /* Cavern */,
			);
		};
/* End PBXProject section */

/* Begin PBXResourcesBuildPhase section */
		E293CE4C27A5A5E700CC671F /* Resources */ = {
			isa = PBXResourcesBuildPhase;
			buildActionMask = 2147483647;
			files = (
				E293CE5927A5A5E800CC671F /* Preview Assets.xcassets in Resources */,
				E293CE5627A5A5E800CC671F /* Assets.xcassets in Resources */,
				E27BEDE427AE00DF0002103A /* elephant.gif in Resources */,
			);
			runOnlyForDeploymentPostprocessing = 0;
		};
/* End PBXResourcesBuildPhase section */

/* Begin PBXShellScriptBuildPhase section */
		4453F248927CAE824A296F81 /* [CP] Check Pods Manifest.lock */ = {
			isa = PBXShellScriptBuildPhase;
			buildActionMask = 2147483647;
			files = (
			);
			inputFileListPaths = (
			);
			inputPaths = (
				"${PODS_PODFILE_DIR_PATH}/Podfile.lock",
				"${PODS_ROOT}/Manifest.lock",
			);
			name = "[CP] Check Pods Manifest.lock";
			outputFileListPaths = (
			);
			outputPaths = (
				"$(DERIVED_FILE_DIR)/Pods-Cavern-checkManifestLockResult.txt",
			);
			runOnlyForDeploymentPostprocessing = 0;
			shellPath = /bin/sh;
			shellScript = "diff \"${PODS_PODFILE_DIR_PATH}/Podfile.lock\" \"${PODS_ROOT}/Manifest.lock\" > /dev/null\nif [ $? != 0 ] ; then\n    # print error to STDERR\n    echo \"error: The sandbox is not in sync with the Podfile.lock. Run 'pod install' or update your CocoaPods installation.\" >&2\n    exit 1\nfi\n# This output is used by Xcode 'outputs' to avoid re-running this script phase.\necho \"SUCCESS\" > \"${SCRIPT_OUTPUT_FILE_0}\"\n";
			showEnvVarsInLog = 0;
		};
		D8C4AD90194B60CB7AE72514 /* [CP] Embed Pods Frameworks */ = {
			isa = PBXShellScriptBuildPhase;
			buildActionMask = 2147483647;
			files = (
			);
			inputFileListPaths = (
				"${PODS_ROOT}/Target Support Files/Pods-Cavern/Pods-Cavern-frameworks-${CONFIGURATION}-input-files.xcfilelist",
			);
			name = "[CP] Embed Pods Frameworks";
			outputFileListPaths = (
				"${PODS_ROOT}/Target Support Files/Pods-Cavern/Pods-Cavern-frameworks-${CONFIGURATION}-output-files.xcfilelist",
			);
			runOnlyForDeploymentPostprocessing = 0;
			shellPath = /bin/sh;
			shellScript = "\"${PODS_ROOT}/Target Support Files/Pods-Cavern/Pods-Cavern-frameworks.sh\"\n";
			showEnvVarsInLog = 0;
		};
/* End PBXShellScriptBuildPhase section */

/* Begin PBXSourcesBuildPhase section */
		E293CE4A27A5A5E700CC671F /* Sources */ = {
			isa = PBXSourcesBuildPhase;
			buildActionMask = 2147483647;
			files = (
				E27BEDDE27ADF0FA0002103A /* Geography.swift in Sources */,
				E234F16B27A887F200EA382D /* Home.swift in Sources */,
				E293CE5227A5A5E700CC671F /* CavernApp.swift in Sources */,
				E280C48127A9985100E71CB7 /* Article.swift in Sources */,
				E209A37527B0C89E00C82B9B /* CityModal.swift in Sources */,
				E21DCBFB27AB995000CE87A1 /* ShortHolder.swift in Sources */,
			);
			runOnlyForDeploymentPostprocessing = 0;
		};
/* End PBXSourcesBuildPhase section */

/* Begin XCBuildConfiguration section */
		E293CE5A27A5A5E800CC671F /* Debug */ = {
			isa = XCBuildConfiguration;
			buildSettings = {
				ALWAYS_SEARCH_USER_PATHS = NO;
				CLANG_ANALYZER_NONNULL = YES;
				CLANG_ANALYZER_NUMBER_OBJECT_CONVERSION = YES_AGGRESSIVE;
				CLANG_CXX_LANGUAGE_STANDARD = "gnu++17";
				CLANG_CXX_LIBRARY = "libc++";
				CLANG_ENABLE_MODULES = YES;
				CLANG_ENABLE_OBJC_ARC = YES;
				CLANG_ENABLE_OBJC_WEAK = YES;
				CLANG_WARN_BLOCK_CAPTURE_AUTORELEASING = YES;
				CLANG_WARN_BOOL_CONVERSION = YES;
				CLANG_WARN_COMMA = YES;
				CLANG_WARN_CONSTANT_CONVERSION = YES;
				CLANG_WARN_DEPRECATED_OBJC_IMPLEMENTATIONS = YES;
				CLANG_WARN_DIRECT_OBJC_ISA_USAGE = YES_ERROR;
				CLANG_WARN_DOCUMENTATION_COMMENTS = YES;
				CLANG_WARN_EMPTY_BODY = YES;
				CLANG_WARN_ENUM_CONVERSION = YES;
				CLANG_WARN_INFINITE_RECURSION = YES;
				CLANG_WARN_INT_CONVERSION = YES;
				CLANG_WARN_NON_LITERAL_NULL_CONVERSION = YES;
				CLANG_WARN_OBJC_IMPLICIT_RETAIN_SELF = YES;
				CLANG_WARN_OBJC_LITERAL_CONVERSION = YES;
				CLANG_WARN_OBJC_ROOT_CLASS = YES_ERROR;
				CLANG_WARN_QUOTED_INCLUDE_IN_FRAMEWORK_HEADER = YES;
				CLANG_WARN_RANGE_LOOP_ANALYSIS = YES;
				CLANG_WARN_STRICT_PROTOTYPES = YES;
				CLANG_WARN_SUSPICIOUS_MOVE = YES;
				CLANG_WARN_UNGUARDED_AVAILABILITY = YES_AGGRESSIVE;
				CLANG_WARN_UNREACHABLE_CODE = YES;
				CLANG_WARN__DUPLICATE_METHOD_MATCH = YES;
				COPY_PHASE_STRIP = NO;
				DEBUG_INFORMATION_FORMAT = dwarf;
				ENABLE_STRICT_OBJC_MSGSEND = YES;
				ENABLE_TESTABILITY = YES;
				GCC_C_LANGUAGE_STANDARD = gnu11;
				GCC_DYNAMIC_NO_PIC = NO;
				GCC_NO_COMMON_BLOCKS = YES;
				GCC_OPTIMIZATION_LEVEL = 0;
				GCC_PREPROCESSOR_DEFINITIONS = (
					"DEBUG=1",
					"$(inherited)",
				);
				GCC_WARN_64_TO_32_BIT_CONVERSION = YES;
				GCC_WARN_ABOUT_RETURN_TYPE = YES_ERROR;
				GCC_WARN_UNDECLARED_SELECTOR = YES;
				GCC_WARN_UNINITIALIZED_AUTOS = YES_AGGRESSIVE;
				GCC_WARN_UNUSED_FUNCTION = YES;
				GCC_WARN_UNUSED_VARIABLE = YES;
				IPHONEOS_DEPLOYMENT_TARGET = 15.2;
				MTL_ENABLE_DEBUG_INFO = INCLUDE_SOURCE;
				MTL_FAST_MATH = YES;
				ONLY_ACTIVE_ARCH = YES;
				SDKROOT = iphoneos;
				SWIFT_ACTIVE_COMPILATION_CONDITIONS = DEBUG;
				SWIFT_OPTIMIZATION_LEVEL = "-Onone";
			};
			name = Debug;
		};
		E293CE5B27A5A5E800CC671F /* Release */ = {
			isa = XCBuildConfiguration;
			buildSettings = {
				ALWAYS_SEARCH_USER_PATHS = NO;
				CLANG_ANALYZER_NONNULL = YES;
				CLANG_ANALYZER_NUMBER_OBJECT_CONVERSION = YES_AGGRESSIVE;
				CLANG_CXX_LANGUAGE_STANDARD = "gnu++17";
				CLANG_CXX_LIBRARY = "libc++";
				CLANG_ENABLE_MODULES = YES;
				CLANG_ENABLE_OBJC_ARC = YES;
				CLANG_ENABLE_OBJC_WEAK = YES;
				CLANG_WARN_BLOCK_CAPTURE_AUTORELEASING = YES;
				CLANG_WARN_BOOL_CONVERSION = YES;
				CLANG_WARN_COMMA = YES;
				CLANG_WARN_CONSTANT_CONVERSION = YES;
				CLANG_WARN_DEPRECATED_OBJC_IMPLEMENTATIONS = YES;
				CLANG_WARN_DIRECT_OBJC_ISA_USAGE = YES_ERROR;
				CLANG_WARN_DOCUMENTATION_COMMENTS = YES;
				CLANG_WARN_EMPTY_BODY = YES;
				CLANG_WARN_ENUM_CONVERSION = YES;
				CLANG_WARN_INFINITE_RECURSION = YES;
				CLANG_WARN_INT_CONVERSION = YES;
				CLANG_WARN_NON_LITERAL_NULL_CONVERSION = YES;
				CLANG_WARN_OBJC_IMPLICIT_RETAIN_SELF = YES;
				CLANG_WARN_OBJC_LITERAL_CONVERSION = YES;
				CLANG_WARN_OBJC_ROOT_CLASS = YES_ERROR;
				CLANG_WARN_QUOTED_INCLUDE_IN_FRAMEWORK_HEADER = YES;
				CLANG_WARN_RANGE_LOOP_ANALYSIS = YES;
				CLANG_WARN_STRICT_PROTOTYPES = YES;
				CLANG_WARN_SUSPICIOUS_MOVE = YES;
				CLANG_WARN_UNGUARDED_AVAILABILITY = YES_AGGRESSIVE;
				CLANG_WARN_UNREACHABLE_CODE = YES;
				CLANG_WARN__DUPLICATE_METHOD_MATCH = YES;
				COPY_PHASE_STRIP = NO;
				DEBUG_INFORMATION_FORMAT = "dwarf-with-dsym";
				ENABLE_NS_ASSERTIONS = NO;
				ENABLE_STRICT_OBJC_MSGSEND = YES;
				GCC_C_LANGUAGE_STANDARD = gnu11;
				GCC_NO_COMMON_BLOCKS = YES;
				GCC_WARN_64_TO_32_BIT_CONVERSION = YES;
				GCC_WARN_ABOUT_RETURN_TYPE = YES_ERROR;
				GCC_WARN_UNDECLARED_SELECTOR = YES;
				GCC_WARN_UNINITIALIZED_AUTOS = YES_AGGRESSIVE;
				GCC_WARN_UNUSED_FUNCTION = YES;
				GCC_WARN_UNUSED_VARIABLE = YES;
				IPHONEOS_DEPLOYMENT_TARGET = 15.2;
				MTL_ENABLE_DEBUG_INFO = NO;
				MTL_FAST_MATH = YES;
				SDKROOT = iphoneos;
				SWIFT_COMPILATION_MODE = wholemodule;
				SWIFT_OPTIMIZATION_LEVEL = "-O";
				VALIDATE_PRODUCT = YES;
			};
			name = Release;
		};
		E293CE5D27A5A5E800CC671F /* Debug */ = {
			isa = XCBuildConfiguration;
			baseConfigurationReference = CE1718B8252AC6FDAD1A2D18 /* Pods-Cavern.debug.xcconfig */;
			buildSettings = {
				ASSETCATALOG_COMPILER_APPICON_NAME = AppIcon;
				ASSETCATALOG_COMPILER_GLOBAL_ACCENT_COLOR_NAME = AccentColor;
				CODE_SIGN_STYLE = Automatic;
				CURRENT_PROJECT_VERSION = 1;
				DEVELOPMENT_ASSET_PATHS = "\"Cavern/Preview Content\"";
				DEVELOPMENT_TEAM = DUJNS47RXV;
				ENABLE_PREVIEWS = YES;
				GENERATE_INFOPLIST_FILE = YES;
				INFOPLIST_KEY_UIApplicationSceneManifest_Generation = YES;
				INFOPLIST_KEY_UIApplicationSupportsIndirectInputEvents = YES;
				INFOPLIST_KEY_UILaunchScreen_Generation = YES;
				INFOPLIST_KEY_UISupportedInterfaceOrientations_iPad = "UIInterfaceOrientationPortrait UIInterfaceOrientationPortraitUpsideDown UIInterfaceOrientationLandscapeLeft UIInterfaceOrientationLandscapeRight";
				INFOPLIST_KEY_UISupportedInterfaceOrientations_iPhone = "UIInterfaceOrientationPortrait UIInterfaceOrientationLandscapeLeft UIInterfaceOrientationLandscapeRight";
				LD_RUNPATH_SEARCH_PATHS = (
					"$(inherited)",
					"@executable_path/Frameworks",
				);
				MARKETING_VERSION = 1.0;
				PRODUCT_BUNDLE_IDENTIFIER = com.isaac.zahau.Cavern;
				PRODUCT_NAME = "$(TARGET_NAME)";
				SWIFT_EMIT_LOC_STRINGS = YES;
				SWIFT_VERSION = 5.0;
				TARGETED_DEVICE_FAMILY = "1,2";
			};
			name = Debug;
		};
		E293CE5E27A5A5E800CC671F /* Release */ = {
			isa = XCBuildConfiguration;
			baseConfigurationReference = 8301E94EDD33834DE903E3BF /* Pods-Cavern.release.xcconfig */;
			buildSettings = {
				ASSETCATALOG_COMPILER_APPICON_NAME = AppIcon;
				ASSETCATALOG_COMPILER_GLOBAL_ACCENT_COLOR_NAME = AccentColor;
				CODE_SIGN_STYLE = Automatic;
				CURRENT_PROJECT_VERSION = 1;
				DEVELOPMENT_ASSET_PATHS = "\"Cavern/Preview Content\"";
				DEVELOPMENT_TEAM = DUJNS47RXV;
				ENABLE_PREVIEWS = YES;
				GENERATE_INFOPLIST_FILE = YES;
				INFOPLIST_KEY_UIApplicationSceneManifest_Generation = YES;
				INFOPLIST_KEY_UIApplicationSupportsIndirectInputEvents = YES;
				INFOPLIST_KEY_UILaunchScreen_Generation = YES;
				INFOPLIST_KEY_UISupportedInterfaceOrientations_iPad = "UIInterfaceOrientationPortrait UIInterfaceOrientationPortraitUpsideDown UIInterfaceOrientationLandscapeLeft UIInterfaceOrientationLandscapeRight";
				INFOPLIST_KEY_UISupportedInterfaceOrientations_iPhone = "UIInterfaceOrientationPortrait UIInterfaceOrientationLandscapeLeft UIInterfaceOrientationLandscapeRight";
				LD_RUNPATH_SEARCH_PATHS = (
					"$(inherited)",
					"@executable_path/Frameworks",
				);
				MARKETING_VERSION = 1.0;
				PRODUCT_BUNDLE_IDENTIFIER = com.isaac.zahau.Cavern;
				PRODUCT_NAME = "$(TARGET_NAME)";
				SWIFT_EMIT_LOC_STRINGS = YES;
				SWIFT_VERSION = 5.0;
				TARGETED_DEVICE_FAMILY = "1,2";
			};
			name = Release;
		};
/* End XCBuildConfiguration section */

/* Begin XCConfigurationList section */
		E293CE4927A5A5E700CC671F /* Build configuration list for PBXProject "Cavern" */ = {
			isa = XCConfigurationList;
			buildConfigurations = (
				E293CE5A27A5A5E800CC671F /* Debug */,
				E293CE5B27A5A5E800CC671F /* Release */,
			);
			defaultConfigurationIsVisible = 0;
			defaultConfigurationName = Release;
		};
		E293CE5C27A5A5E800CC671F /* Build configuration list for PBXNativeTarget "Cavern" */ = {
			isa = XCConfigurationList;
			buildConfigurations = (
				E293CE5D27A5A5E800CC671F /* Debug */,
				E293CE5E27A5A5E800CC671F /* Release */,
			);
			defaultConfigurationIsVisible = 0;
			defaultConfigurationName = Release;
		};
/* End XCConfigurationList section */
	};
	rootObject = E293CE4627A5A5E700CC671F /* Project object */;
}
